
Microsoft Visual Studio Solution File, Format Version 12.00
# Visual Studio 15
VisualStudioVersion = 15.0.28010.2050
MinimumVisualStudioVersion = 10.0.40219.1
Project("{FAE04EC0-301F-11D3-BF4B-00C04F79EFBC}") = "Sandwichapp.Android", "Sandwichapp\Sandwichapp.Android\Sandwichapp.Android.csproj", "{156F4534-5053-4232-B40D-2D44C3FD7C95}"
EndProject
Project("{FAE04EC0-301F-11D3-BF4B-00C04F79EFBC}") = "Sandwichapp.iOS", "Sandwichapp\Sandwichapp.iOS\Sandwichapp.iOS.csproj", "{7377C818-D11F-43F6-AFA3-93803BDB852C}"
EndProject
Project("{FAE04EC0-301F-11D3-BF4B-00C04F79EFBC}") = "Sandwichapp.UWP", "Sandwichapp\Sandwichapp.UWP\Sandwichapp.UWP.csproj", "{2540A8BF-EB24-493C-8E3E-06EEF3760D09}"
EndProject
Project("{9A19103F-16F7-4668-BE54-9A1E7A4F7556}") = "Sandwichapp", "Sandwichapp\Sandwichapp\Sandwichapp.csproj", "{D598259D-1AB6-456F-AF60-BF87BD186A91}"
EndProject
Global
	GlobalSection(SolutionConfigurationPlatforms) = preSolution
		Ad-Hoc|Any CPU = Ad-Hoc|Any CPU
		Ad-Hoc|ARM = Ad-Hoc|ARM
		Ad-Hoc|iPhone = Ad-Hoc|iPhone
		Ad-Hoc|iPhoneSimulator = Ad-Hoc|iPhoneSimulator
		Ad-Hoc|x64 = Ad-Hoc|x64
		Ad-Hoc|x86 = Ad-Hoc|x86
		AppStore|Any CPU = AppStore|Any CPU
		AppStore|ARM = AppStore|ARM
		AppStore|iPhone = AppStore|iPhone
		AppStore|iPhoneSimulator = AppStore|iPhoneSimulator
		AppStore|x64 = AppStore|x64
		AppStore|x86 = AppStore|x86
		Debug|Any CPU = Debug|Any CPU
		Debug|ARM = Debug|ARM
		Debug|iPhone = Debug|iPhone
		Debug|iPhoneSimulator = Debug|iPhoneSimulator
		Debug|x64 = Debug|x64
		Debug|x86 = Debug|x86
		Release|Any CPU = Release|Any CPU
		Release|ARM = Release|ARM
		Release|iPhone = Release|iPhone
		Release|iPhoneSimulator = Release|iPhoneSimulator
		Release|x64 = Release|x64
		Release|x86 = Release|x86
	EndGlobalSection
	GlobalSection(ProjectConfigurationPlatforms) = postSolution
		{156F4534-5053-4232-B40D-2D44C3FD7C95}.Ad-Hoc|Any CPU.ActiveCfg = Release|Any CPU
		{156F4534-5053-4232-B40D-2D44C3FD7C95}.Ad-Hoc|Any CPU.Build.0 = Release|Any CPU
		{156F4534-5053-4232-B40D-2D44C3FD7C95}.Ad-Hoc|Any CPU.Deploy.0 = Release|Any CPU
		{156F4534-5053-4232-B40D-2D44C3FD7C95}.Ad-Hoc|ARM.ActiveCfg = Release|Any CPU
		{156F4534-5053-4232-B40D-2D44C3FD7C95}.Ad-Hoc|ARM.Build.0 = Release|Any CPU
		{156F4534-5053-4232-B40D-2D44C3FD7C95}.Ad-Hoc|ARM.Deploy.0 = Release|Any CPU
		{156F4534-5053-4232-B40D-2D44C3FD7C95}.Ad-Hoc|iPhone.ActiveCfg = Release|Any CPU
		{156F4534-5053-4232-B40D-2D44C3FD7C95}.Ad-Hoc|iPhone.Build.0 = Release|Any CPU
		{156F4534-5053-4232-B40D-2D44C3FD7C95}.Ad-Hoc|iPhone.Deploy.0 = Release|Any CPU
		{156F4534-5053-4232-B40D-2D44C3FD7C95}.Ad-Hoc|iPhoneSimulator.ActiveCfg = Release|Any CPU
		{156F4534-5053-4232-B40D-2D44C3FD7C95}.Ad-Hoc|iPhoneSimulator.Build.0 = Release|Any CPU
		{156F4534-5053-4232-B40D-2D44C3FD7C95}.Ad-Hoc|iPhoneSimulator.Deploy.0 = Release|Any CPU
		{156F4534-5053-4232-B40D-2D44C3FD7C95}.Ad-Hoc|x64.ActiveCfg = Release|Any CPU
		{156F4534-5053-4232-B40D-2D44C3FD7C95}.Ad-Hoc|x64.Build.0 = Release|Any CPU
		{156F4534-5053-4232-B40D-2D44C3FD7C95}.Ad-Hoc|x64.Deploy.0 = Release|Any CPU
		{156F4534-5053-4232-B40D-2D44C3FD7C95}.Ad-Hoc|x86.ActiveCfg = Release|Any CPU
		{156F4534-5053-4232-B40D-2D44C3FD7C95}.Ad-Hoc|x86.Build.0 = Release|Any CPU
		{156F4534-5053-4232-B40D-2D44C3FD7C95}.Ad-Hoc|x86.Deploy.0 = Release|Any CPU
		{156F4534-5053-4232-B40D-2D44C3FD7C95}.AppStore|Any CPU.ActiveCfg = Release|Any CPU
		{156F4534-5053-4232-B40D-2D44C3FD7C95}.AppStore|Any CPU.Build.0 = Release|Any CPU
		{156F4534-5053-4232-B40D-2D44C3FD7C95}.AppStore|Any CPU.Deploy.0 = Release|Any CPU
		{156F4534-5053-4232-B40D-2D44C3FD7C95}.AppStore|ARM.ActiveCfg = Release|Any CPU
		{156F4534-5053-4232-B40D-2D44C3FD7C95}.AppStore|ARM.Build.0 = Release|Any CPU
		{156F4534-5053-4232-B40D-2D44C3FD7C95}.AppStore|ARM.Deploy.0 = Release|Any CPU
		{156F4534-5053-4232-B40D-2D44C3FD7C95}.AppStore|iPhone.ActiveCfg = Release|Any CPU
		{156F4534-5053-4232-B40D-2D44C3FD7C95}.AppStore|iPhone.Build.0 = Release|Any CPU
		{156F4534-5053-4232-B40D-2D44C3FD7C95}.AppStore|iPhone.Deploy.0 = Release|Any CPU
		{156F4534-5053-4232-B40D-2D44C3FD7C95}.AppStore|iPhoneSimulator.ActiveCfg = Release|Any CPU
		{156F4534-5053-4232-B40D-2D44C3FD7C95}.AppStore|iPhoneSimulator.Build.0 = Release|Any CPU
		{156F4534-5053-4232-B40D-2D44C3FD7C95}.AppStore|iPhoneSimulator.Deploy.0 = Release|Any CPU
		{156F4534-5053-4232-B40D-2D44C3FD7C95}.AppStore|x64.ActiveCfg = Release|Any CPU
		{156F4534-5053-4232-B40D-2D44C3FD7C95}.AppStore|x64.Build.0 = Release|Any CPU
		{156F4534-5053-4232-B40D-2D44C3FD7C95}.AppStore|x64.Deploy.0 = Release|Any CPU
		{156F4534-5053-4232-B40D-2D44C3FD7C95}.AppStore|x86.ActiveCfg = Release|Any CPU
		{156F4534-5053-4232-B40D-2D44C3FD7C95}.AppStore|x86.Build.0 = Release|Any CPU
		{156F4534-5053-4232-B40D-2D44C3FD7C95}.AppStore|x86.Deploy.0 = Release|Any CPU
		{156F4534-5053-4232-B40D-2D44C3FD7C95}.Debug|Any CPU.ActiveCfg = Debug|Any CPU
		{156F4534-5053-4232-B40D-2D44C3FD7C95}.Debug|Any CPU.Build.0 = Debug|Any CPU
		{156F4534-5053-4232-B40D-2D44C3FD7C95}.Debug|Any CPU.Deploy.0 = Debug|Any CPU
		{156F4534-5053-4232-B40D-2D44C3FD7C95}.Debug|ARM.ActiveCfg = Debug|Any CPU
		{156F4534-5053-4232-B40D-2D44C3FD7C95}.Debug|ARM.Build.0 = Debug|Any CPU
		{156F4534-5053-4232-B40D-2D44C3FD7C95}.Debug|ARM.Deploy.0 = Debug|Any CPU
		{156F4534-5053-4232-B40D-2D44C3FD7C95}.Debug|iPhone.ActiveCfg = Debug|Any CPU
		{156F4534-5053-4232-B40D-2D44C3FD7C95}.Debug|iPhone.Build.0 = Debug|Any CPU
		{156F4534-5053-4232-B40D-2D44C3FD7C95}.Debug|iPhone.Deploy.0 = Debug|Any CPU
		{156F4534-5053-4232-B40D-2D44C3FD7C95}.Debug|iPhoneSimulator.ActiveCfg = Debug|Any CPU
		{156F4534-5053-4232-B40D-2D44C3FD7C95}.Debug|iPhoneSimulator.Build.0 = Debug|Any CPU
		{156F4534-5053-4232-B40D-2D44C3FD7C95}.Debug|iPhoneSimulator.Deploy.0 = Debug|Any CPU
		{156F4534-5053-4232-B40D-2D44C3FD7C95}.Debug|x64.ActiveCfg = Debug|Any CPU
		{156F4534-5053-4232-B40D-2D44C3FD7C95}.Debug|x64.Build.0 = Debug|Any CPU
		{156F4534-5053-4232-B40D-2D44C3FD7C95}.Debug|x64.Deploy.0 = Debug|Any CPU
		{156F4534-5053-4232-B40D-2D44C3FD7C95}.Debug|x86.ActiveCfg = Debug|Any CPU
		{156F4534-5053-4232-B40D-2D44C3FD7C95}.Debug|x86.Build.0 = Debug|Any CPU
		{156F4534-5053-4232-B40D-2D44C3FD7C95}.Debug|x86.Deploy.0 = Debug|Any CPU
		{156F4534-5053-4232-B40D-2D44C3FD7C95}.Release|Any CPU.ActiveCfg = Release|Any CPU
		{156F4534-5053-4232-B40D-2D44C3FD7C95}.Release|Any CPU.Build.0 = Release|Any CPU
		{156F4534-5053-4232-B40D-2D44C3FD7C95}.Release|Any CPU.Deploy.0 = Release|Any CPU
		{156F4534-5053-4232-B40D-2D44C3FD7C95}.Release|ARM.ActiveCfg = Release|Any CPU
		{156F4534-5053-4232-B40D-2D44C3FD7C95}.Release|ARM.Build.0 = Release|Any CPU
		{156F4534-5053-4232-B40D-2D44C3FD7C95}.Release|ARM.Deploy.0 = Release|Any CPU
		{156F4534-5053-4232-B40D-2D44C3FD7C95}.Release|iPhone.ActiveCfg = Release|Any CPU
		{156F4534-5053-4232-B40D-2D44C3FD7C95}.Release|iPhone.Build.0 = Release|Any CPU
		{156F4534-5053-4232-B40D-2D44C3FD7C95}.Release|iPhone.Deploy.0 = Release|Any CPU
		{156F4534-5053-4232-B40D-2D44C3FD7C95}.Release|iPhoneSimulator.ActiveCfg = Release|Any CPU
		{156F4534-5053-4232-B40D-2D44C3FD7C95}.Release|iPhoneSimulator.Build.0 = Release|Any CPU
		{156F4534-5053-4232-B40D-2D44C3FD7C95}.Release|iPhoneSimulator.Deploy.0 = Release|Any CPU
		{156F4534-5053-4232-B40D-2D44C3FD7C95}.Release|x64.ActiveCfg = Release|Any CPU
		{156F4534-5053-4232-B40D-2D44C3FD7C95}.Release|x64.Build.0 = Release|Any CPU
		{156F4534-5053-4232-B40D-2D44C3FD7C95}.Release|x64.Deploy.0 = Release|Any CPU
		{156F4534-5053-4232-B40D-2D44C3FD7C95}.Release|x86.ActiveCfg = Release|Any CPU
		{156F4534-5053-4232-B40D-2D44C3FD7C95}.Release|x86.Build.0 = Release|Any CPU
		{156F4534-5053-4232-B40D-2D44C3FD7C95}.Release|x86.Deploy.0 = Release|Any CPU
		{7377C818-D11F-43F6-AFA3-93803BDB852C}.Ad-Hoc|Any CPU.ActiveCfg = Ad-Hoc|iPhone
		{7377C818-D11F-43F6-AFA3-93803BDB852C}.Ad-Hoc|Any CPU.Build.0 = Ad-Hoc|iPhone
		{7377C818-D11F-43F6-AFA3-93803BDB852C}.Ad-Hoc|Any CPU.Deploy.0 = Ad-Hoc|iPhone
		{7377C818-D11F-43F6-AFA3-93803BDB852C}.Ad-Hoc|ARM.ActiveCfg = Ad-Hoc|iPhone
		{7377C818-D11F-43F6-AFA3-93803BDB852C}.Ad-Hoc|ARM.Build.0 = Ad-Hoc|iPhone
		{7377C818-D11F-43F6-AFA3-93803BDB852C}.Ad-Hoc|ARM.Deploy.0 = Ad-Hoc|iPhone
		{7377C818-D11F-43F6-AFA3-93803BDB852C}.Ad-Hoc|iPhone.ActiveCfg = Ad-Hoc|iPhone
		{7377C818-D11F-43F6-AFA3-93803BDB852C}.Ad-Hoc|iPhone.Build.0 = Ad-Hoc|iPhone
		{7377C818-D11F-43F6-AFA3-93803BDB852C}.Ad-Hoc|iPhone.Deploy.0 = Ad-Hoc|iPhone
		{7377C818-D11F-43F6-AFA3-93803BDB852C}.Ad-Hoc|iPhoneSimulator.ActiveCfg = Ad-Hoc|iPhoneSimulator
		{7377C818-D11F-43F6-AFA3-93803BDB852C}.Ad-Hoc|iPhoneSimulator.Build.0 = Ad-Hoc|iPhoneSimulator
		{7377C818-D11F-43F6-AFA3-93803BDB852C}.Ad-Hoc|iPhoneSimulator.Deploy.0 = Ad-Hoc|iPhoneSimulator
		{7377C818-D11F-43F6-AFA3-93803BDB852C}.Ad-Hoc|x64.ActiveCfg = Ad-Hoc|iPhone
		{7377C818-D11F-43F6-AFA3-93803BDB852C}.Ad-Hoc|x64.Build.0 = Ad-Hoc|iPhone
		{7377C818-D11F-43F6-AFA3-93803BDB852C}.Ad-Hoc|x64.Deploy.0 = Ad-Hoc|iPhone
		{7377C818-D11F-43F6-AFA3-93803BDB852C}.Ad-Hoc|x86.ActiveCfg = Ad-Hoc|iPhone
		{7377C818-D11F-43F6-AFA3-93803BDB852C}.Ad-Hoc|x86.Build.0 = Ad-Hoc|iPhone
		{7377C818-D11F-43F6-AFA3-93803BDB852C}.Ad-Hoc|x86.Deploy.0 = Ad-Hoc|iPhone
		{7377C818-D11F-43F6-AFA3-93803BDB852C}.AppStore|Any CPU.ActiveCfg = AppStore|iPhone
		{7377C818-D11F-43F6-AFA3-93803BDB852C}.AppStore|Any CPU.Build.0 = AppStore|iPhone
		{7377C818-D11F-43F6-AFA3-93803BDB852C}.AppStore|Any CPU.Deploy.0 = AppStore|iPhone
		{7377C818-D11F-43F6-AFA3-93803BDB852C}.AppStore|ARM.ActiveCfg = AppStore|iPhone
		{7377C818-D11F-43F6-AFA3-93803BDB852C}.AppStore|ARM.Build.0 = AppStore|iPhone
		{7377C818-D11F-43F6-AFA3-93803BDB852C}.AppStore|ARM.Deploy.0 = AppStore|iPhone
		{7377C818-D11F-43F6-AFA3-93803BDB852C}.AppStore|iPhone.ActiveCfg = AppStore|iPhone
		{7377C818-D11F-43F6-AFA3-93803BDB852C}.AppStore|iPhone.Build.0 = AppStore|iPhone
		{7377C818-D11F-43F6-AFA3-93803BDB852C}.AppStore|iPhone.Deploy.0 = AppStore|iPhone
		{7377C818-D11F-43F6-AFA3-93803BDB852C}.AppStore|iPhoneSimulator.ActiveCfg = AppStore|iPhoneSimulator
		{7377C818-D11F-43F6-AFA3-93803BDB852C}.AppStore|iPhoneSimulator.Build.0 = AppStore|iPhoneSimulator
		{7377C818-D11F-43F6-AFA3-93803BDB852C}.AppStore|iPhoneSimulator.Deploy.0 = AppStore|iPhoneSimulator
		{7377C818-D11F-43F6-AFA3-93803BDB852C}.AppStore|x64.ActiveCfg = AppStore|iPhone
		{7377C818-D11F-43F6-AFA3-93803BDB852C}.AppStore|x64.Build.0 = AppStore|iPhone
		{7377C818-D11F-43F6-AFA3-93803BDB852C}.AppStore|x64.Deploy.0 = AppStore|iPhone
		{7377C818-D11F-43F6-AFA3-93803BDB852C}.AppStore|x86.ActiveCfg = AppStore|iPhone
		{7377C818-D11F-43F6-AFA3-93803BDB852C}.AppStore|x86.Build.0 = AppStore|iPhone
		{7377C818-D11F-43F6-AFA3-93803BDB852C}.AppStore|x86.Deploy.0 = AppStore|iPhone
		{7377C818-D11F-43F6-AFA3-93803BDB852C}.Debug|Any CPU.ActiveCfg = Debug|iPhoneSimulator
		{7377C818-D11F-43F6-AFA3-93803BDB852C}.Debug|Any CPU.Build.0 = Debug|iPhoneSimulator
		{7377C818-D11F-43F6-AFA3-93803BDB852C}.Debug|Any CPU.Deploy.0 = Debug|iPhoneSimulator
		{7377C818-D11F-43F6-AFA3-93803BDB852C}.Debug|ARM.ActiveCfg = Debug|iPhone
		{7377C818-D11F-43F6-AFA3-93803BDB852C}.Debug|ARM.Build.0 = Debug|iPhone
		{7377C818-D11F-43F6-AFA3-93803BDB852C}.Debug|ARM.Deploy.0 = Debug|iPhone
		{7377C818-D11F-43F6-AFA3-93803BDB852C}.Debug|iPhone.ActiveCfg = Debug|iPhone
		{7377C818-D11F-43F6-AFA3-93803BDB852C}.Debug|iPhone.Build.0 = Debug|iPhone
		{7377C818-D11F-43F6-AFA3-93803BDB852C}.Debug|iPhone.Deploy.0 = Debug|iPhone
		{7377C818-D11F-43F6-AFA3-93803BDB852C}.Debug|iPhoneSimulator.ActiveCfg = Debug|iPhoneSimulator
		{7377C818-D11F-43F6-AFA3-93803BDB852C}.Debug|iPhoneSimulator.Build.0 = Debug|iPhoneSimulator
		{7377C818-D11F-43F6-AFA3-93803BDB852C}.Debug|iPhoneSimulator.Deploy.0 = Debug|iPhoneSimulator
		{7377C818-D11F-43F6-AFA3-93803BDB852C}.Debug|x64.ActiveCfg = Debug|iPhone
		{7377C818-D11F-43F6-AFA3-93803BDB852C}.Debug|x64.Build.0 = Debug|iPhone
		{7377C818-D11F-43F6-AFA3-93803BDB852C}.Debug|x64.Deploy.0 = Debug|iPhone
		{7377C818-D11F-43F6-AFA3-93803BDB852C}.Debug|x86.ActiveCfg = Debug|iPhone
		{7377C818-D11F-43F6-AFA3-93803BDB852C}.Debug|x86.Build.0 = Debug|iPhone
		{7377C818-D11F-43F6-AFA3-93803BDB852C}.Debug|x86.Deploy.0 = Debug|iPhone
		{7377C818-D11F-43F6-AFA3-93803BDB852C}.Release|Any CPU.ActiveCfg = Release|iPhone
		{7377C818-D11F-43F6-AFA3-93803BDB852C}.Release|Any CPU.Build.0 = Release|iPhone
		{7377C818-D11F-43F6-AFA3-93803BDB852C}.Release|Any CPU.Deploy.0 = Release|iPhone
		{7377C818-D11F-43F6-AFA3-93803BDB852C}.Release|ARM.ActiveCfg = Release|iPhone
		{7377C818-D11F-43F6-AFA3-93803BDB852C}.Release|ARM.Build.0 = Release|iPhone
		{7377C818-D11F-43F6-AFA3-93803BDB852C}.Release|ARM.Deploy.0 = Release|iPhone
		{7377C818-D11F-43F6-AFA3-93803BDB852C}.Release|iPhone.ActiveCfg = Release|iPhone
		{7377C818-D11F-43F6-AFA3-93803BDB852C}.Release|iPhone.Build.0 = Release|iPhone
		{7377C818-D11F-43F6-AFA3-93803BDB852C}.Release|iPhone.Deploy.0 = Release|iPhone
		{7377C818-D11F-43F6-AFA3-93803BDB852C}.Release|iPhoneSimulator.ActiveCfg = Release|iPhoneSimulator
		{7377C818-D11F-43F6-AFA3-93803BDB852C}.Release|iPhoneSimulator.Build.0 = Release|iPhoneSimulator
		{7377C818-D11F-43F6-AFA3-93803BDB852C}.Release|iPhoneSimulator.Deploy.0 = Release|iPhoneSimulator
		{7377C818-D11F-43F6-AFA3-93803BDB852C}.Release|x64.ActiveCfg = Release|iPhone
		{7377C818-D11F-43F6-AFA3-93803BDB852C}.Release|x64.Build.0 = Release|iPhone
		{7377C818-D11F-43F6-AFA3-93803BDB852C}.Release|x64.Deploy.0 = Release|iPhone
		{7377C818-D11F-43F6-AFA3-93803BDB852C}.Release|x86.ActiveCfg = Release|iPhone
		{7377C818-D11F-43F6-AFA3-93803BDB852C}.Release|x86.Build.0 = Release|iPhone
		{7377C818-D11F-43F6-AFA3-93803BDB852C}.Release|x86.Deploy.0 = Release|iPhone
		{2540A8BF-EB24-493C-8E3E-06EEF3760D09}.Ad-Hoc|Any CPU.ActiveCfg = Release|x86
		{2540A8BF-EB24-493C-8E3E-06EEF3760D09}.Ad-Hoc|Any CPU.Build.0 = Release|x86
		{2540A8BF-EB24-493C-8E3E-06EEF3760D09}.Ad-Hoc|Any CPU.Deploy.0 = Release|x86
		{2540A8BF-EB24-493C-8E3E-06EEF3760D09}.Ad-Hoc|ARM.ActiveCfg = Release|ARM
		{2540A8BF-EB24-493C-8E3E-06EEF3760D09}.Ad-Hoc|ARM.Build.0 = Release|ARM
		{2540A8BF-EB24-493C-8E3E-06EEF3760D09}.Ad-Hoc|ARM.Deploy.0 = Release|ARM
		{2540A8BF-EB24-493C-8E3E-06EEF3760D09}.Ad-Hoc|iPhone.ActiveCfg = Release|x86
		{2540A8BF-EB24-493C-8E3E-06EEF3760D09}.Ad-Hoc|iPhone.Build.0 = Release|x86
		{2540A8BF-EB24-493C-8E3E-06EEF3760D09}.Ad-Hoc|iPhone.Deploy.0 = Release|x86
		{2540A8BF-EB24-493C-8E3E-06EEF3760D09}.Ad-Hoc|iPhoneSimulator.ActiveCfg = Release|x86
		{2540A8BF-EB24-493C-8E3E-06EEF3760D09}.Ad-Hoc|iPhoneSimulator.Build.0 = Release|x86
		{2540A8BF-EB24-493C-8E3E-06EEF3760D09}.Ad-Hoc|iPhoneSimulator.Deploy.0 = Release|x86
		{2540A8BF-EB24-493C-8E3E-06EEF3760D09}.Ad-Hoc|x64.ActiveCfg = Release|x64
		{2540A8BF-EB24-493C-8E3E-06EEF3760D09}.Ad-Hoc|x64.Build.0 = Release|x64
		{2540A8BF-EB24-493C-8E3E-06EEF3760D09}.Ad-Hoc|x64.Deploy.0 = Release|x64
		{2540A8BF-EB24-493C-8E3E-06EEF3760D09}.Ad-Hoc|x86.ActiveCfg = Release|x86
		{2540A8BF-EB24-493C-8E3E-06EEF3760D09}.Ad-Hoc|x86.Build.0 = Release|x86
		{2540A8BF-EB24-493C-8E3E-06EEF3760D09}.Ad-Hoc|x86.Deploy.0 = Release|x86
		{2540A8BF-EB24-493C-8E3E-06EEF3760D09}.AppStore|Any CPU.ActiveCfg = Release|x86
		{2540A8BF-EB24-493C-8E3E-06EEF3760D09}.AppStore|Any CPU.Build.0 = Release|x86
		{2540A8BF-EB24-493C-8E3E-06EEF3760D09}.AppStore|Any CPU.Deploy.0 = Release|x86
		{2540A8BF-EB24-493C-8E3E-06EEF3760D09}.AppStore|ARM.ActiveCfg = Release|ARM
		{2540A8BF-EB24-493C-8E3E-06EEF3760D09}.AppStore|ARM.Build.0 = Release|ARM
		{2540A8BF-EB24-493C-8E3E-06EEF3760D09}.AppStore|ARM.Deploy.0 = Release|ARM
		{2540A8BF-EB24-493C-8E3E-06EEF3760D09}.AppStore|iPhone.ActiveCfg = Release|x86
		{2540A8BF-EB24-493C-8E3E-06EEF3760D09}.AppStore|iPhone.Build.0 = Release|x86
		{2540A8BF-EB24-493C-8E3E-06EEF3760D09}.AppStore|iPhone.Deploy.0 = Release|x86
		{2540A8BF-EB24-493C-8E3E-06EEF3760D09}.AppStore|iPhoneSimulator.ActiveCfg = Release|x86
		{2540A8BF-EB24-493C-8E3E-06EEF3760D09}.AppStore|iPhoneSimulator.Build.0 = Release|x86
		{2540A8BF-EB24-493C-8E3E-06EEF3760D09}.AppStore|iPhoneSimulator.Deploy.0 = Release|x86
		{2540A8BF-EB24-493C-8E3E-06EEF3760D09}.AppStore|x64.ActiveCfg = Release|x64
		{2540A8BF-EB24-493C-8E3E-06EEF3760D09}.AppStore|x64.Build.0 = Release|x64
		{2540A8BF-EB24-493C-8E3E-06EEF3760D09}.AppStore|x64.Deploy.0 = Release|x64
		{2540A8BF-EB24-493C-8E3E-06EEF3760D09}.AppStore|x86.ActiveCfg = Release|x86
		{2540A8BF-EB24-493C-8E3E-06EEF3760D09}.AppStore|x86.Build.0 = Release|x86
		{2540A8BF-EB24-493C-8E3E-06EEF3760D09}.AppStore|x86.Deploy.0 = Release|x86
		{2540A8BF-EB24-493C-8E3E-06EEF3760D09}.Debug|Any CPU.ActiveCfg = Debug|x86
		{2540A8BF-EB24-493C-8E3E-06EEF3760D09}.Debug|Any CPU.Build.0 = Debug|x86
		{2540A8BF-EB24-493C-8E3E-06EEF3760D09}.Debug|Any CPU.Deploy.0 = Debug|x86
		{2540A8BF-EB24-493C-8E3E-06EEF3760D09}.Debug|ARM.ActiveCfg = Debug|ARM
		{2540A8BF-EB24-493C-8E3E-06EEF3760D09}.Debug|ARM.Build.0 = Debug|ARM
		{2540A8BF-EB24-493C-8E3E-06EEF3760D09}.Debug|ARM.Deploy.0 = Debug|ARM
		{2540A8BF-EB24-493C-8E3E-06EEF3760D09}.Debug|iPhone.ActiveCfg = Debug|x86
		{2540A8BF-EB24-493C-8E3E-06EEF3760D09}.Debug|iPhone.Build.0 = Debug|x86
		{2540A8BF-EB24-493C-8E3E-06EEF3760D09}.Debug|iPhone.Deploy.0 = Debug|x86
		{2540A8BF-EB24-493C-8E3E-06EEF3760D09}.Debug|iPhoneSimulator.ActiveCfg = Debug|x86
		{2540A8BF-EB24-493C-8E3E-06EEF3760D09}.Debug|iPhoneSimulator.Build.0 = Debug|x86
		{2540A8BF-EB24-493C-8E3E-06EEF3760D09}.Debug|iPhoneSimulator.Deploy.0 = Debug|x86
		{2540A8BF-EB24-493C-8E3E-06EEF3760D09}.Debug|x64.ActiveCfg = Debug|x64
		{2540A8BF-EB24-493C-8E3E-06EEF3760D09}.Debug|x64.Build.0 = Debug|x64
		{2540A8BF-EB24-493C-8E3E-06EEF3760D09}.Debug|x64.Deploy.0 = Debug|x64
		{2540A8BF-EB24-493C-8E3E-06EEF3760D09}.Debug|x86.ActiveCfg = Debug|x86
		{2540A8BF-EB24-493C-8E3E-06EEF3760D09}.Debug|x86.Build.0 = Debug|x86
		{2540A8BF-EB24-493C-8E3E-06EEF3760D09}.Debug|x86.Deploy.0 = Debug|x86
		{2540A8BF-EB24-493C-8E3E-06EEF3760D09}.Release|Any CPU.ActiveCfg = Release|x86
		{2540A8BF-EB24-493C-8E3E-06EEF3760D09}.Release|Any CPU.Build.0 = Release|x86
		{2540A8BF-EB24-493C-8E3E-06EEF3760D09}.Release|Any CPU.Deploy.0 = Release|x86
		{2540A8BF-EB24-493C-8E3E-06EEF3760D09}.Release|ARM.ActiveCfg = Release|ARM
		{2540A8BF-EB24-493C-8E3E-06EEF3760D09}.Release|ARM.Build.0 = Release|ARM
		{2540A8BF-EB24-493C-8E3E-06EEF3760D09}.Release|ARM.Deploy.0 = Release|ARM
		{2540A8BF-EB24-493C-8E3E-06EEF3760D09}.Release|iPhone.ActiveCfg = Release|x86
		{2540A8BF-EB24-493C-8E3E-06EEF3760D09}.Release|iPhone.Build.0 = Release|x86
		{2540A8BF-EB24-493C-8E3E-06EEF3760D09}.Release|iPhone.Deploy.0 = Release|x86
		{2540A8BF-EB24-493C-8E3E-06EEF3760D09}.Release|iPhoneSimulator.ActiveCfg = Release|x86
		{2540A8BF-EB24-493C-8E3E-06EEF3760D09}.Release|iPhoneSimulator.Build.0 = Release|x86
		{2540A8BF-EB24-493C-8E3E-06EEF3760D09}.Release|iPhoneSimulator.Deploy.0 = Release|x86
		{2540A8BF-EB24-493C-8E3E-06EEF3760D09}.Release|x64.ActiveCfg = Release|x64
		{2540A8BF-EB24-493C-8E3E-06EEF3760D09}.Release|x64.Build.0 = Release|x64
		{2540A8BF-EB24-493C-8E3E-06EEF3760D09}.Release|x64.Deploy.0 = Release|x64
		{2540A8BF-EB24-493C-8E3E-06EEF3760D09}.Release|x86.ActiveCfg = Release|x86
		{2540A8BF-EB24-493C-8E3E-06EEF3760D09}.Release|x86.Build.0 = Release|x86
		{2540A8BF-EB24-493C-8E3E-06EEF3760D09}.Release|x86.Deploy.0 = Release|x86
		{D598259D-1AB6-456F-AF60-BF87BD186A91}.Ad-Hoc|Any CPU.ActiveCfg = Debug|Any CPU
		{D598259D-1AB6-456F-AF60-BF87BD186A91}.Ad-Hoc|Any CPU.Build.0 = Debug|Any CPU
		{D598259D-1AB6-456F-AF60-BF87BD186A91}.Ad-Hoc|Any CPU.Deploy.0 = Debug|Any CPU
		{D598259D-1AB6-456F-AF60-BF87BD186A91}.Ad-Hoc|ARM.ActiveCfg = Debug|Any CPU
		{D598259D-1AB6-456F-AF60-BF87BD186A91}.Ad-Hoc|ARM.Build.0 = Debug|Any CPU
		{D598259D-1AB6-456F-AF60-BF87BD186A91}.Ad-Hoc|ARM.Deploy.0 = Debug|Any CPU
		{D598259D-1AB6-456F-AF60-BF87BD186A91}.Ad-Hoc|iPhone.ActiveCfg = Debug|Any CPU
		{D598259D-1AB6-456F-AF60-BF87BD186A91}.Ad-Hoc|iPhone.Build.0 = Debug|Any CPU
		{D598259D-1AB6-456F-AF60-BF87BD186A91}.Ad-Hoc|iPhone.Deploy.0 = Debug|Any CPU
		{D598259D-1AB6-456F-AF60-BF87BD186A91}.Ad-Hoc|iPhoneSimulator.ActiveCfg = Debug|Any CPU
		{D598259D-1AB6-456F-AF60-BF87BD186A91}.Ad-Hoc|iPhoneSimulator.Build.0 = Debug|Any CPU
		{D598259D-1AB6-456F-AF60-BF87BD186A91}.Ad-Hoc|iPhoneSimulator.Deploy.0 = Debug|Any CPU
		{D598259D-1AB6-456F-AF60-BF87BD186A91}.Ad-Hoc|x64.ActiveCfg = Debug|Any CPU
		{D598259D-1AB6-456F-AF60-BF87BD186A91}.Ad-Hoc|x64.Build.0 = Debug|Any CPU
		{D598259D-1AB6-456F-AF60-BF87BD186A91}.Ad-Hoc|x64.Deploy.0 = Debug|Any CPU
		{D598259D-1AB6-456F-AF60-BF87BD186A91}.Ad-Hoc|x86.ActiveCfg = Debug|Any CPU
		{D598259D-1AB6-456F-AF60-BF87BD186A91}.Ad-Hoc|x86.Build.0 = Debug|Any CPU
		{D598259D-1AB6-456F-AF60-BF87BD186A91}.Ad-Hoc|x86.Deploy.0 = Debug|Any CPU
		{D598259D-1AB6-456F-AF60-BF87BD186A91}.AppStore|Any CPU.ActiveCfg = Debug|Any CPU
		{D598259D-1AB6-456F-AF60-BF87BD186A91}.AppStore|Any CPU.Build.0 = Debug|Any CPU
		{D598259D-1AB6-456F-AF60-BF87BD186A91}.AppStore|Any CPU.Deploy.0 = Debug|Any CPU
		{D598259D-1AB6-456F-AF60-BF87BD186A91}.AppStore|ARM.ActiveCfg = Debug|Any CPU
		{D598259D-1AB6-456F-AF60-BF87BD186A91}.AppStore|ARM.Build.0 = Debug|Any CPU
		{D598259D-1AB6-456F-AF60-BF87BD186A91}.AppStore|ARM.Deploy.0 = Debug|Any CPU
		{D598259D-1AB6-456F-AF60-BF87BD186A91}.AppStore|iPhone.ActiveCfg = Debug|Any CPU
		{D598259D-1AB6-456F-AF60-BF87BD186A91}.AppStore|iPhone.Build.0 = Debug|Any CPU
		{D598259D-1AB6-456F-AF60-BF87BD186A91}.AppStore|iPhone.Deploy.0 = Debug|Any CPU
		{D598259D-1AB6-456F-AF60-BF87BD186A91}.AppStore|iPhoneSimulator.ActiveCfg = Debug|Any CPU
		{D598259D-1AB6-456F-AF60-BF87BD186A91}.AppStore|iPhoneSimulator.Build.0 = Debug|Any CPU
		{D598259D-1AB6-456F-AF60-BF87BD186A91}.AppStore|iPhoneSimulator.Deploy.0 = Debug|Any CPU
		{D598259D-1AB6-456F-AF60-BF87BD186A91}.AppStore|x64.ActiveCfg = Debug|Any CPU
		{D598259D-1AB6-456F-AF60-BF87BD186A91}.AppStore|x64.Build.0 = Debug|Any CPU
		{D598259D-1AB6-456F-AF60-BF87BD186A91}.AppStore|x64.Deploy.0 = Debug|Any CPU
		{D598259D-1AB6-456F-AF60-BF87BD186A91}.AppStore|x86.ActiveCfg = Debug|Any CPU
		{D598259D-1AB6-456F-AF60-BF87BD186A91}.AppStore|x86.Build.0 = Debug|Any CPU
		{D598259D-1AB6-456F-AF60-BF87BD186A91}.AppStore|x86.Deploy.0 = Debug|Any CPU
		{D598259D-1AB6-456F-AF60-BF87BD186A91}.Debug|Any CPU.ActiveCfg = Debug|Any CPU
		{D598259D-1AB6-456F-AF60-BF87BD186A91}.Debug|Any CPU.Build.0 = Debug|Any CPU
		{D598259D-1AB6-456F-AF60-BF87BD186A91}.Debug|Any CPU.Deploy.0 = Debug|Any CPU
		{D598259D-1AB6-456F-AF60-BF87BD186A91}.Debug|ARM.ActiveCfg = Debug|Any CPU
		{D598259D-1AB6-456F-AF60-BF87BD186A91}.Debug|ARM.Build.0 = Debug|Any CPU
		{D598259D-1AB6-456F-AF60-BF87BD186A91}.Debug|ARM.Deploy.0 = Debug|Any CPU
		{D598259D-1AB6-456F-AF60-BF87BD186A91}.Debug|iPhone.ActiveCfg = Debug|Any CPU
		{D598259D-1AB6-456F-AF60-BF87BD186A91}.Debug|iPhone.Build.0 = Debug|Any CPU
		{D598259D-1AB6-456F-AF60-BF87BD186A91}.Debug|iPhone.Deploy.0 = Debug|Any CPU
		{D598259D-1AB6-456F-AF60-BF87BD186A91}.Debug|iPhoneSimulator.ActiveCfg = Debug|Any CPU
		{D598259D-1AB6-456F-AF60-BF87BD186A91}.Debug|iPhoneSimulator.Build.0 = Debug|Any CPU
		{D598259D-1AB6-456F-AF60-BF87BD186A91}.Debug|iPhoneSimulator.Deploy.0 = Debug|Any CPU
		{D598259D-1AB6-456F-AF60-BF87BD186A91}.Debug|x64.ActiveCfg = Debug|Any CPU
		{D598259D-1AB6-456F-AF60-BF87BD186A91}.Debug|x64.Build.0 = Debug|Any CPU
		{D598259D-1AB6-456F-AF60-BF87BD186A91}.Debug|x64.Deploy.0 = Debug|Any CPU
		{D598259D-1AB6-456F-AF60-BF87BD186A91}.Debug|x86.ActiveCfg = Debug|Any CPU
		{D598259D-1AB6-456F-AF60-BF87BD186A91}.Debug|x86.Build.0 = Debug|Any CPU
		{D598259D-1AB6-456F-AF60-BF87BD186A91}.Debug|x86.Deploy.0 = Debug|Any CPU
		{D598259D-1AB6-456F-AF60-BF87BD186A91}.Release|Any CPU.ActiveCfg = Release|Any CPU
		{D598259D-1AB6-456F-AF60-BF87BD186A91}.Release|Any CPU.Build.0 = Release|Any CPU
		{D598259D-1AB6-456F-AF60-BF87BD186A91}.Release|Any CPU.Deploy.0 = Release|Any CPU
		{D598259D-1AB6-456F-AF60-BF87BD186A91}.Release|ARM.ActiveCfg = Release|Any CPU
		{D598259D-1AB6-456F-AF60-BF87BD186A91}.Release|ARM.Build.0 = Release|Any CPU
		{D598259D-1AB6-456F-AF60-BF87BD186A91}.Release|ARM.Deploy.0 = Release|Any CPU
		{D598259D-1AB6-456F-AF60-BF87BD186A91}.Release|iPhone.ActiveCfg = Release|Any CPU
		{D598259D-1AB6-456F-AF60-BF87BD186A91}.Release|iPhone.Build.0 = Release|Any CPU
		{D598259D-1AB6-456F-AF60-BF87BD186A91}.Release|iPhone.Deploy.0 = Release|Any CPU
		{D598259D-1AB6-456F-AF60-BF87BD186A91}.Release|iPhoneSimulator.ActiveCfg = Release|Any CPU
		{D598259D-1AB6-456F-AF60-BF87BD186A91}.Release|iPhoneSimulator.Build.0 = Release|Any CPU
		{D598259D-1AB6-456F-AF60-BF87BD186A91}.Release|iPhoneSimulator.Deploy.0 = Release|Any CPU
		{D598259D-1AB6-456F-AF60-BF87BD186A91}.Release|x64.ActiveCfg = Release|Any CPU
		{D598259D-1AB6-456F-AF60-BF87BD186A91}.Release|x64.Build.0 = Release|Any CPU
		{D598259D-1AB6-456F-AF60-BF87BD186A91}.Release|x64.Deploy.0 = Release|Any CPU
		{D598259D-1AB6-456F-AF60-BF87BD186A91}.Release|x86.ActiveCfg = Release|Any CPU
		{D598259D-1AB6-456F-AF60-BF87BD186A91}.Release|x86.Build.0 = Release|Any CPU
		{D598259D-1AB6-456F-AF60-BF87BD186A91}.Release|x86.Deploy.0 = Release|Any CPU
	EndGlobalSection
	GlobalSection(SolutionProperties) = preSolution
		HideSolutionNode = FALSE
	EndGlobalSection
	GlobalSection(ExtensibilityGlobals) = postSolution
		SolutionGuid = {A612356B-B854-45A0-AF14-29267CFA7C59}
	EndGlobalSection
EndGlobal
